
Microsoft Visual Studio Solution File, Format Version 12.00
# Visual Studio Version 17
VisualStudioVersion = 17.7.34031.279
MinimumVisualStudioVersion = 10.0.40219.1
Project("{F184B08F-C81C-45F6-A57F-5ABD9991F28F}") = "vbstuff", "vbstuff.vbproj", "{82470B31-2997-4C4E-81C9-BD1142C16063}"
EndProject
Global
	GlobalSection(SolutionConfigurationPlatforms) = preSolution
		Debug|Any CPU = Debug|Any CPU
		Release|Any CPU = Release|Any CPU
	EndGlobalSection
	GlobalSection(ProjectConfigurationPlatforms) = postSolution
		{82470B31-2997-4C4E-81C9-BD1142C16063}.Debug|Any CPU.ActiveCfg = Debug|Any CPU
		{82470B31-2997-4C4E-81C9-BD1142C16063}.Debug|Any CPU.Build.0 = Debug|Any CPU
		{82470B31-2997-4C4E-81C9-BD1142C16063}.Release|Any CPU.ActiveCfg = Release|Any CPU
		{82470B31-2997-4C4E-81C9-BD1142C16063}.Release|Any CPU.Build.0 = Release|Any CPU
	EndGlobalSection
	GlobalSection(SolutionProperties) = preSolution
		HideSolutionNode = FALSE
	EndGlobalSection
	GlobalSection(ExtensibilityGlobals) = postSolution
		SolutionGuid = {CAF91B5A-648A-435F-81AC-C51893EDF9B2}
	EndGlobalSection
EndGlobal
